{
  "lockfileVersion": 1,
  "configVersion": 1,
  "workspaces": {
    "": {
      "name": "shopify-polaris-app-home",
      "dependencies": {
        "@shopify/app-bridge-types": "0.7.0",
        "@shopify/polaris-types": "1.0.1",
        "@types/react": "19.2.14",
        "preact": "10.28.4",
        "typescript": "5.9.3",
      },
    },
  },
  "packages": {
    "@shopify/app-bridge-types": ["@shopify/app-bridge-types@0.7.0", "", { "dependencies": { "@standard-schema/spec": "^1.0.0" } }, "sha512-A/DiGIjCBdd45ijMDKLgXrrGG68so3d25Yaeo0lv8ruWeljHGn3sA+UU1o/5BptSPkikDkgPPl8EQDxe4/KShw=="],

    "@shopify/polaris-types": ["@shopify/polaris-types@1.0.1", "", {}, "sha512-BZs47atXnaOVqFrCfTeXc6Vz8Vk8Vpj9o3nx/lYTvy9i4pPvd4K4mRKIhjrer2NWITCMvY6+nZ6GE1I9Qfq4rQ=="],

    "@standard-schema/spec": ["@standard-schema/spec@1.1.0", "", {}, "sha512-l2aFy5jALhniG5HgqrD6jXLi/rUWrKvqN/qJx6yoJsgKhblVd+iqqU4RCXavm/jPityDo5TCvKMnpjKnOriy0w=="],

    "@types/react": ["@types/react@19.2.14", "", { "dependencies": { "csstype": "^3.2.2" } }, "sha512-ilcTH/UniCkMdtexkoCN0bI7pMcJDvmQFPvuPvmEaYA/NSfFTAgdUSLAoVjaRJm7+6PvcM+q1zYOwS4wTYMF9w=="],

    "csstype": ["csstype@3.2.3", "", {}, "sha512-z1HGKcYy2xA8AGQfwrn0PAy+PB7X/GSj3UVJW9qKyn43xWa+gl5nXmU4qqLMRzWVLFC8KusUX8T/0kCiOYpAIQ=="],

    "preact": ["preact@10.28.4", "", {}, "sha512-uKFfOHWuSNpRFVTnljsCluEFq57OKT+0QdOiQo8XWnQ/pSvg7OpX5eNOejELXJMWy+BwM2nobz0FkvzmnpCNsQ=="],

    "typescript": ["typescript@5.9.3", "", { "bin": { "tsc": "bin/tsc", "tsserver": "bin/tsserver" } }, "sha512-jl1vZzPDinLr9eUt3J/t7V6FgNEw9QjvBPdysz9KfQDD41fQrC2Y4vKQdiaUpFT4bXlb1RHhLpp8wtm6M5TgSw=="],
  }
}
